
Microsoft Visual Studio Solution File, Format Version 12.00
# Visual Studio 15
VisualStudioVersion = 15.0.26430.13
MinimumVisualStudioVersion = 10.0.40219.1
Project("{FAE04EC0-301F-11D3-BF4B-00C04F79EFBC}") = "Wpf_Demo_MVVM", "Wpf_Demo_MVVM\Wpf_Demo_MVVM.csproj", "{FCC6DE4F-09FD-4C18-9BA4-CF50C963B9B2}"
EndProject
Project("{FAE04EC0-301F-11D3-BF4B-00C04F79EFBC}") = "ViewModel", "ViewModel\ViewModel.csproj", "{632950B5-7C2C-4AB7-B9E5-E271C3A34890}"
EndProject
Project("{FAE04EC0-301F-11D3-BF4B-00C04F79EFBC}") = "Model", "Model\Model.csproj", "{9686D0C0-BDDF-4021-B5B0-1F6CA2876819}"
EndProject
Global
	GlobalSection(SolutionConfigurationPlatforms) = preSolution
		Debug|Any CPU = Debug|Any CPU
		Release|Any CPU = Release|Any CPU
	EndGlobalSection
	GlobalSection(ProjectConfigurationPlatforms) = postSolution
		{FCC6DE4F-09FD-4C18-9BA4-CF50C963B9B2}.Debug|Any CPU.ActiveCfg = Debug|Any CPU
		{FCC6DE4F-09FD-4C18-9BA4-CF50C963B9B2}.Debug|Any CPU.Build.0 = Debug|Any CPU
		{FCC6DE4F-09FD-4C18-9BA4-CF50C963B9B2}.Release|Any CPU.ActiveCfg = Release|Any CPU
		{FCC6DE4F-09FD-4C18-9BA4-CF50C963B9B2}.Release|Any CPU.Build.0 = Release|Any CPU
		{632950B5-7C2C-4AB7-B9E5-E271C3A34890}.Debug|Any CPU.ActiveCfg = Debug|Any CPU
		{632950B5-7C2C-4AB7-B9E5-E271C3A34890}.Debug|Any CPU.Build.0 = Debug|Any CPU
		{632950B5-7C2C-4AB7-B9E5-E271C3A34890}.Release|Any CPU.ActiveCfg = Release|Any CPU
		{632950B5-7C2C-4AB7-B9E5-E271C3A34890}.Release|Any CPU.Build.0 = Release|Any CPU
		{9686D0C0-BDDF-4021-B5B0-1F6CA2876819}.Debug|Any CPU.ActiveCfg = Debug|Any CPU
		{9686D0C0-BDDF-4021-B5B0-1F6CA2876819}.Debug|Any CPU.Build.0 = Debug|Any CPU
		{9686D0C0-BDDF-4021-B5B0-1F6CA2876819}.Release|Any CPU.ActiveCfg = Release|Any CPU
		{9686D0C0-BDDF-4021-B5B0-1F6CA2876819}.Release|Any CPU.Build.0 = Release|Any CPU
	EndGlobalSection
	GlobalSection(SolutionProperties) = preSolution
		HideSolutionNode = FALSE
	EndGlobalSection
	GlobalSection(TeamFoundationVersionControl) = preSolution
		SccNumberOfProjects = 4
		SccEnterpriseProvider = {4CA58AB2-18FA-4F8D-95D4-32DDF27D184C}
		SccTeamFoundationServer = https://ngotrung.visualstudio.com/
		SccLocalPath0 = .
		SccProjectUniqueName1 = Wpf_Demo_MVVM\\Wpf_Demo_MVVM.csproj
		SccProjectName1 = Wpf_Demo_MVVM
		SccLocalPath1 = Wpf_Demo_MVVM
		SccProjectUniqueName2 = ViewModel\\ViewModel.csproj
		SccProjectName2 = ViewModel
		SccLocalPath2 = ViewModel
		SccProjectUniqueName3 = Model\\Model.csproj
		SccProjectName3 = Model
		SccLocalPath3 = Model
	EndGlobalSection
EndGlobal
